
Microsoft Visual Studio Solution File, Format Version 12.00
# Visual Studio Version 17
VisualStudioVersion = 17.0.31903.59
MinimumVisualStudioVersion = 10.0.40219.1
Project("{FAE04EC0-301F-11D3-BF4B-00C04F79EFBC}") = "InventoryLibrary", "InventoryLibrary\InventoryLibrary.csproj", "{EA97BF1D-25C4-4220-A8DC-255EE1282997}"
EndProject
Project("{FAE04EC0-301F-11D3-BF4B-00C04F79EFBC}") = "InventoryManager", "InventoryManager\InventoryManager.csproj", "{BA6C4E0C-C01E-4D2F-8D35-42ACB8AE5242}"
EndProject
Project("{FAE04EC0-301F-11D3-BF4B-00C04F79EFBC}") = "InventoryManagement.Tests", "InventoryManagement.Tests\InventoryManagement.Tests.csproj", "{6A610CE9-0407-420A-87BC-121CD1764135}"
EndProject
Global
	GlobalSection(SolutionConfigurationPlatforms) = preSolution
		Debug|Any CPU = Debug|Any CPU
		Release|Any CPU = Release|Any CPU
	EndGlobalSection
	GlobalSection(SolutionProperties) = preSolution
		HideSolutionNode = FALSE
	EndGlobalSection
	GlobalSection(ProjectConfigurationPlatforms) = postSolution
		{EA97BF1D-25C4-4220-A8DC-255EE1282997}.Debug|Any CPU.ActiveCfg = Debug|Any CPU
		{EA97BF1D-25C4-4220-A8DC-255EE1282997}.Debug|Any CPU.Build.0 = Debug|Any CPU
		{EA97BF1D-25C4-4220-A8DC-255EE1282997}.Release|Any CPU.ActiveCfg = Release|Any CPU
		{EA97BF1D-25C4-4220-A8DC-255EE1282997}.Release|Any CPU.Build.0 = Release|Any CPU
		{BA6C4E0C-C01E-4D2F-8D35-42ACB8AE5242}.Debug|Any CPU.ActiveCfg = Debug|Any CPU
		{BA6C4E0C-C01E-4D2F-8D35-42ACB8AE5242}.Debug|Any CPU.Build.0 = Debug|Any CPU
		{BA6C4E0C-C01E-4D2F-8D35-42ACB8AE5242}.Release|Any CPU.ActiveCfg = Release|Any CPU
		{BA6C4E0C-C01E-4D2F-8D35-42ACB8AE5242}.Release|Any CPU.Build.0 = Release|Any CPU
		{6A610CE9-0407-420A-87BC-121CD1764135}.Debug|Any CPU.ActiveCfg = Debug|Any CPU
		{6A610CE9-0407-420A-87BC-121CD1764135}.Debug|Any CPU.Build.0 = Debug|Any CPU
		{6A610CE9-0407-420A-87BC-121CD1764135}.Release|Any CPU.ActiveCfg = Release|Any CPU
		{6A610CE9-0407-420A-87BC-121CD1764135}.Release|Any CPU.Build.0 = Release|Any CPU
	EndGlobalSection
EndGlobal
